
Microsoft Visual Studio Solution File, Format Version 12.00
Project("{FAE04EC0-301F-11D3-BF4B-00C04F79EFBC}") = "Chapter01", "Chapter01\Chapter01.csproj", "{A6BB0AB5-4306-4388-9B70-EFD3A1E06702}"
EndProject
Project("{2150E333-8FDC-42A3-9474-1A3956D46DE8}") = "Chapter-03", "Chapter-03", "{7054BFD3-A702-4EDC-AFC5-0C94E44CDA1D}"
EndProject
Project("{FAE04EC0-301F-11D3-BF4B-00C04F79EFBC}") = "SortingAlgorithms", "SortingAlgorithms\SortingAlgorithms.csproj", "{F30B720E-3186-4945-ABE4-EDC6D78D9293}"
EndProject
Project("{FAE04EC0-301F-11D3-BF4B-00C04F79EFBC}") = "Chapter03Playground", "Chapter03Playground\Chapter03Playground.csproj", "{963CB09D-70FC-42F1-82A2-DDC1AB8BD431}"
EndProject
Project("{2150E333-8FDC-42A3-9474-1A3956D46DE8}") = "Chapter-04", "Chapter-04", "{68026A51-B97E-4343-847A-7E7F70045A52}"
EndProject
Project("{FAE04EC0-301F-11D3-BF4B-00C04F79EFBC}") = "AverageValue", "AverageValue\AverageValue.csproj", "{0658BC1D-3693-4EDA-B9AB-66C57B02AC1C}"
EndProject
Project("{FAE04EC0-301F-11D3-BF4B-00C04F79EFBC}") = "ListOfPeople", "ListOfPeople\ListOfPeople.csproj", "{80DC1AD0-F28C-413D-B382-589BAB225B54}"
EndProject
Project("{FAE04EC0-301F-11D3-BF4B-00C04F79EFBC}") = "AddressBook", "AddressBook\AddressBook.csproj", "{0F8A768C-CBC9-4F7E-99CB-FAF39C6FA25E}"
EndProject
Project("{FAE04EC0-301F-11D3-BF4B-00C04F79EFBC}") = "BookReader", "BookReader\BookReader.csproj", "{BF7D28F5-F8B9-4158-98DE-AECC0F1238FD}"
EndProject
Project("{FAE04EC0-301F-11D3-BF4B-00C04F79EFBC}") = "SpinTheWheel", "SpinTheWheel\SpinTheWheel.csproj", "{FAA5554C-0724-4556-A822-8CC9EEF4E0A8}"
EndProject
Project("{FAE04EC0-301F-11D3-BF4B-00C04F79EFBC}") = "ArtGallery", "ArtGallery\ArtGallery.csproj", "{C3911CB8-E581-4FB6-A035-3C0D356AAD28}"
EndProject
Project("{2150E333-8FDC-42A3-9474-1A3956D46DE8}") = "Chapter-05", "Chapter-05", "{3D1BF653-BAD9-4C6A-BE3A-14D25A2F11AA}"
EndProject
Project("{FAE04EC0-301F-11D3-BF4B-00C04F79EFBC}") = "ReversingAWord", "ReversingAWord\ReversingAWord.csproj", "{7BE241C7-FE3B-4D5E-AFB5-DC0B2291E657}"
EndProject
Project("{FAE04EC0-301F-11D3-BF4B-00C04F79EFBC}") = "TowerOfHanoi", "TowerOfHanoi\TowerOfHanoi.csproj", "{044BC10E-2C03-4496-B602-B1BC4D899EAA}"
EndProject
Project("{FAE04EC0-301F-11D3-BF4B-00C04F79EFBC}") = "SingleConsultantCallCenter", "SingleConsultantCallCenter\SingleConsultantCallCenter.csproj", "{2088FDF7-C009-4AC2-8C1E-49271C35138A}"
EndProject
Global
	GlobalSection(SolutionConfigurationPlatforms) = preSolution
		Debug|Any CPU = Debug|Any CPU
		Release|Any CPU = Release|Any CPU
	EndGlobalSection
	GlobalSection(ProjectConfigurationPlatforms) = postSolution
		{A6BB0AB5-4306-4388-9B70-EFD3A1E06702}.Debug|Any CPU.ActiveCfg = Debug|Any CPU
		{A6BB0AB5-4306-4388-9B70-EFD3A1E06702}.Debug|Any CPU.Build.0 = Debug|Any CPU
		{A6BB0AB5-4306-4388-9B70-EFD3A1E06702}.Release|Any CPU.ActiveCfg = Release|Any CPU
		{A6BB0AB5-4306-4388-9B70-EFD3A1E06702}.Release|Any CPU.Build.0 = Release|Any CPU
		{F30B720E-3186-4945-ABE4-EDC6D78D9293}.Debug|Any CPU.ActiveCfg = Debug|Any CPU
		{F30B720E-3186-4945-ABE4-EDC6D78D9293}.Debug|Any CPU.Build.0 = Debug|Any CPU
		{F30B720E-3186-4945-ABE4-EDC6D78D9293}.Release|Any CPU.ActiveCfg = Release|Any CPU
		{F30B720E-3186-4945-ABE4-EDC6D78D9293}.Release|Any CPU.Build.0 = Release|Any CPU
		{963CB09D-70FC-42F1-82A2-DDC1AB8BD431}.Debug|Any CPU.ActiveCfg = Debug|Any CPU
		{963CB09D-70FC-42F1-82A2-DDC1AB8BD431}.Debug|Any CPU.Build.0 = Debug|Any CPU
		{963CB09D-70FC-42F1-82A2-DDC1AB8BD431}.Release|Any CPU.ActiveCfg = Release|Any CPU
		{963CB09D-70FC-42F1-82A2-DDC1AB8BD431}.Release|Any CPU.Build.0 = Release|Any CPU
		{0658BC1D-3693-4EDA-B9AB-66C57B02AC1C}.Debug|Any CPU.ActiveCfg = Debug|Any CPU
		{0658BC1D-3693-4EDA-B9AB-66C57B02AC1C}.Debug|Any CPU.Build.0 = Debug|Any CPU
		{0658BC1D-3693-4EDA-B9AB-66C57B02AC1C}.Release|Any CPU.ActiveCfg = Release|Any CPU
		{0658BC1D-3693-4EDA-B9AB-66C57B02AC1C}.Release|Any CPU.Build.0 = Release|Any CPU
		{80DC1AD0-F28C-413D-B382-589BAB225B54}.Debug|Any CPU.ActiveCfg = Debug|Any CPU
		{80DC1AD0-F28C-413D-B382-589BAB225B54}.Debug|Any CPU.Build.0 = Debug|Any CPU
		{80DC1AD0-F28C-413D-B382-589BAB225B54}.Release|Any CPU.ActiveCfg = Release|Any CPU
		{80DC1AD0-F28C-413D-B382-589BAB225B54}.Release|Any CPU.Build.0 = Release|Any CPU
		{0F8A768C-CBC9-4F7E-99CB-FAF39C6FA25E}.Debug|Any CPU.ActiveCfg = Debug|Any CPU
		{0F8A768C-CBC9-4F7E-99CB-FAF39C6FA25E}.Debug|Any CPU.Build.0 = Debug|Any CPU
		{0F8A768C-CBC9-4F7E-99CB-FAF39C6FA25E}.Release|Any CPU.ActiveCfg = Release|Any CPU
		{0F8A768C-CBC9-4F7E-99CB-FAF39C6FA25E}.Release|Any CPU.Build.0 = Release|Any CPU
		{BF7D28F5-F8B9-4158-98DE-AECC0F1238FD}.Debug|Any CPU.ActiveCfg = Debug|Any CPU
		{BF7D28F5-F8B9-4158-98DE-AECC0F1238FD}.Debug|Any CPU.Build.0 = Debug|Any CPU
		{BF7D28F5-F8B9-4158-98DE-AECC0F1238FD}.Release|Any CPU.ActiveCfg = Release|Any CPU
		{BF7D28F5-F8B9-4158-98DE-AECC0F1238FD}.Release|Any CPU.Build.0 = Release|Any CPU
		{FAA5554C-0724-4556-A822-8CC9EEF4E0A8}.Debug|Any CPU.ActiveCfg = Debug|Any CPU
		{FAA5554C-0724-4556-A822-8CC9EEF4E0A8}.Debug|Any CPU.Build.0 = Debug|Any CPU
		{FAA5554C-0724-4556-A822-8CC9EEF4E0A8}.Release|Any CPU.ActiveCfg = Release|Any CPU
		{FAA5554C-0724-4556-A822-8CC9EEF4E0A8}.Release|Any CPU.Build.0 = Release|Any CPU
		{C3911CB8-E581-4FB6-A035-3C0D356AAD28}.Debug|Any CPU.ActiveCfg = Debug|Any CPU
		{C3911CB8-E581-4FB6-A035-3C0D356AAD28}.Debug|Any CPU.Build.0 = Debug|Any CPU
		{C3911CB8-E581-4FB6-A035-3C0D356AAD28}.Release|Any CPU.ActiveCfg = Release|Any CPU
		{C3911CB8-E581-4FB6-A035-3C0D356AAD28}.Release|Any CPU.Build.0 = Release|Any CPU
		{7BE241C7-FE3B-4D5E-AFB5-DC0B2291E657}.Debug|Any CPU.ActiveCfg = Debug|Any CPU
		{7BE241C7-FE3B-4D5E-AFB5-DC0B2291E657}.Debug|Any CPU.Build.0 = Debug|Any CPU
		{7BE241C7-FE3B-4D5E-AFB5-DC0B2291E657}.Release|Any CPU.ActiveCfg = Release|Any CPU
		{7BE241C7-FE3B-4D5E-AFB5-DC0B2291E657}.Release|Any CPU.Build.0 = Release|Any CPU
		{044BC10E-2C03-4496-B602-B1BC4D899EAA}.Debug|Any CPU.ActiveCfg = Debug|Any CPU
		{044BC10E-2C03-4496-B602-B1BC4D899EAA}.Debug|Any CPU.Build.0 = Debug|Any CPU
		{044BC10E-2C03-4496-B602-B1BC4D899EAA}.Release|Any CPU.ActiveCfg = Release|Any CPU
		{044BC10E-2C03-4496-B602-B1BC4D899EAA}.Release|Any CPU.Build.0 = Release|Any CPU
		{2088FDF7-C009-4AC2-8C1E-49271C35138A}.Debug|Any CPU.ActiveCfg = Debug|Any CPU
		{2088FDF7-C009-4AC2-8C1E-49271C35138A}.Debug|Any CPU.Build.0 = Debug|Any CPU
		{2088FDF7-C009-4AC2-8C1E-49271C35138A}.Release|Any CPU.ActiveCfg = Release|Any CPU
		{2088FDF7-C009-4AC2-8C1E-49271C35138A}.Release|Any CPU.Build.0 = Release|Any CPU
	EndGlobalSection
	GlobalSection(NestedProjects) = preSolution
		{F30B720E-3186-4945-ABE4-EDC6D78D9293} = {7054BFD3-A702-4EDC-AFC5-0C94E44CDA1D}
		{963CB09D-70FC-42F1-82A2-DDC1AB8BD431} = {7054BFD3-A702-4EDC-AFC5-0C94E44CDA1D}
		{0658BC1D-3693-4EDA-B9AB-66C57B02AC1C} = {68026A51-B97E-4343-847A-7E7F70045A52}
		{80DC1AD0-F28C-413D-B382-589BAB225B54} = {68026A51-B97E-4343-847A-7E7F70045A52}
		{0F8A768C-CBC9-4F7E-99CB-FAF39C6FA25E} = {68026A51-B97E-4343-847A-7E7F70045A52}
		{BF7D28F5-F8B9-4158-98DE-AECC0F1238FD} = {68026A51-B97E-4343-847A-7E7F70045A52}
		{FAA5554C-0724-4556-A822-8CC9EEF4E0A8} = {68026A51-B97E-4343-847A-7E7F70045A52}
		{C3911CB8-E581-4FB6-A035-3C0D356AAD28} = {68026A51-B97E-4343-847A-7E7F70045A52}
		{7BE241C7-FE3B-4D5E-AFB5-DC0B2291E657} = {3D1BF653-BAD9-4C6A-BE3A-14D25A2F11AA}
		{044BC10E-2C03-4496-B602-B1BC4D899EAA} = {3D1BF653-BAD9-4C6A-BE3A-14D25A2F11AA}
		{2088FDF7-C009-4AC2-8C1E-49271C35138A} = {3D1BF653-BAD9-4C6A-BE3A-14D25A2F11AA}
	EndGlobalSection
EndGlobal
