
Microsoft Visual Studio Solution File, Format Version 12.00
Project("{FAE04EC0-301F-11D3-BF4B-00C04F79EFBC}") = "Chapter01", "Chapter01\Chapter01.csproj", "{A6BB0AB5-4306-4388-9B70-EFD3A1E06702}"
EndProject
Project("{2150E333-8FDC-42A3-9474-1A3956D46DE8}") = "Chapter-03", "Chapter-03", "{7054BFD3-A702-4EDC-AFC5-0C94E44CDA1D}"
EndProject
Project("{FAE04EC0-301F-11D3-BF4B-00C04F79EFBC}") = "SortingAlgorithms", "SortingAlgorithms\SortingAlgorithms.csproj", "{F30B720E-3186-4945-ABE4-EDC6D78D9293}"
EndProject
Project("{FAE04EC0-301F-11D3-BF4B-00C04F79EFBC}") = "Chapter03Playground", "Chapter03Playground\Chapter03Playground.csproj", "{963CB09D-70FC-42F1-82A2-DDC1AB8BD431}"
EndProject
Project("{2150E333-8FDC-42A3-9474-1A3956D46DE8}") = "Chapter-04", "Chapter-04", "{68026A51-B97E-4343-847A-7E7F70045A52}"
EndProject
Project("{FAE04EC0-301F-11D3-BF4B-00C04F79EFBC}") = "AverageValue", "AverageValue\AverageValue.csproj", "{0658BC1D-3693-4EDA-B9AB-66C57B02AC1C}"
EndProject
Project("{FAE04EC0-301F-11D3-BF4B-00C04F79EFBC}") = "ListOfPeople", "ListOfPeople\ListOfPeople.csproj", "{80DC1AD0-F28C-413D-B382-589BAB225B54}"
EndProject
Project("{FAE04EC0-301F-11D3-BF4B-00C04F79EFBC}") = "AddressBook", "AddressBook\AddressBook.csproj", "{0F8A768C-CBC9-4F7E-99CB-FAF39C6FA25E}"
EndProject
Project("{FAE04EC0-301F-11D3-BF4B-00C04F79EFBC}") = "BookReader", "BookReader\BookReader.csproj", "{BF7D28F5-F8B9-4158-98DE-AECC0F1238FD}"
EndProject
Project("{FAE04EC0-301F-11D3-BF4B-00C04F79EFBC}") = "SpinTheWheel", "SpinTheWheel\SpinTheWheel.csproj", "{FAA5554C-0724-4556-A822-8CC9EEF4E0A8}"
EndProject
Project("{FAE04EC0-301F-11D3-BF4B-00C04F79EFBC}") = "ArtGallery", "ArtGallery\ArtGallery.csproj", "{C3911CB8-E581-4FB6-A035-3C0D356AAD28}"
EndProject
Project("{2150E333-8FDC-42A3-9474-1A3956D46DE8}") = "Chapter-05", "Chapter-05", "{3D1BF653-BAD9-4C6A-BE3A-14D25A2F11AA}"
EndProject
Project("{FAE04EC0-301F-11D3-BF4B-00C04F79EFBC}") = "ReversingAWord", "ReversingAWord\ReversingAWord.csproj", "{7BE241C7-FE3B-4D5E-AFB5-DC0B2291E657}"
EndProject
Project("{FAE04EC0-301F-11D3-BF4B-00C04F79EFBC}") = "TowerOfHanoi", "TowerOfHanoi\TowerOfHanoi.csproj", "{044BC10E-2C03-4496-B602-B1BC4D899EAA}"
EndProject
Project("{FAE04EC0-301F-11D3-BF4B-00C04F79EFBC}") = "SingleConsultantCallCenter", "SingleConsultantCallCenter\SingleConsultantCallCenter.csproj", "{2088FDF7-C009-4AC2-8C1E-49271C35138A}"
EndProject
Project("{FAE04EC0-301F-11D3-BF4B-00C04F79EFBC}") = "ManyConsultantCallCenter", "ManyConsultantCallCenter\ManyConsultantCallCenter.csproj", "{5BB6B6FC-B100-4076-9079-6FBFAEAA1B7D}"
EndProject
Project("{FAE04EC0-301F-11D3-BF4B-00C04F79EFBC}") = "PrioritySupportCallCenter", "PrioritySupportCallCenter\PrioritySupportCallCenter.csproj", "{1FCFE2FC-A5FF-4A45-AEBB-F35112CFD924}"
EndProject
Project("{FAE04EC0-301F-11D3-BF4B-00C04F79EFBC}") = "GravityRollerCoaster", "GravityRollerCoaster\GravityRollerCoaster.csproj", "{398B5F55-126A-42C5-B1F6-3474ED9AC541}"
EndProject
Project("{2150E333-8FDC-42A3-9474-1A3956D46DE8}") = "Chapter-06", "Chapter-06", "{CE4A6AFF-F7F8-4203-9BFE-0B1A4664D5B0}"
EndProject
Project("{FAE04EC0-301F-11D3-BF4B-00C04F79EFBC}") = "PhoneBook", "PhoneBook\PhoneBook.csproj", "{F1D57CCD-2F8F-4977-A2BC-5971F57B6051}"
EndProject
Project("{FAE04EC0-301F-11D3-BF4B-00C04F79EFBC}") = "ProductLocation", "ProductLocation\ProductLocation.csproj", "{C4B86D80-E25D-47E1-A38A-B10E2353532F}"
EndProject
Project("{FAE04EC0-301F-11D3-BF4B-00C04F79EFBC}") = "UserDetails", "UserDetails\UserDetails.csproj", "{33AC7644-33D8-4B14-8AEB-AC4B68FB1C6F}"
EndProject
Project("{FAE04EC0-301F-11D3-BF4B-00C04F79EFBC}") = "Encyclopedia", "Encyclopedia\Encyclopedia.csproj", "{4F486BDD-9D6D-4B6D-B20D-08D9A221BA01}"
EndProject
Project("{FAE04EC0-301F-11D3-BF4B-00C04F79EFBC}") = "Coupons", "Coupons\Coupons.csproj", "{23CE8E7E-E120-4CB3-BA86-B2187329A918}"
EndProject
Project("{FAE04EC0-301F-11D3-BF4B-00C04F79EFBC}") = "SwimmingPools", "SwimmingPools\SwimmingPools.csproj", "{5D626E5D-1939-47ED-B17C-F1351220092B}"
EndProject
Project("{FAE04EC0-301F-11D3-BF4B-00C04F79EFBC}") = "RemovingDuplicates", "RemovingDuplicates\RemovingDuplicates.csproj", "{C390DE52-56E1-4893-897D-C33488814E7C}"
EndProject
Project("{2150E333-8FDC-42A3-9474-1A3956D46DE8}") = "Chapter-07", "Chapter-07", "{057FD82D-B85B-498E-8923-CD363A0B58FE}"
EndProject
Project("{FAE04EC0-301F-11D3-BF4B-00C04F79EFBC}") = "TreeDatastructures", "TreeDatastructures\TreeDatastructures.csproj", "{7ED89CF2-79E5-4B39-B628-6520C7FE2D8C}"
EndProject
Project("{FAE04EC0-301F-11D3-BF4B-00C04F79EFBC}") = "HierarchyOfIdentifiers", "HierarchyOfIdentifiers\HierarchyOfIdentifiers.csproj", "{D085F945-6E75-4D08-9125-D670E18B6609}"
EndProject
Project("{FAE04EC0-301F-11D3-BF4B-00C04F79EFBC}") = "CompanyStructure", "CompanyStructure\CompanyStructure.csproj", "{17DD7704-EEDF-4E13-AA58-C04233544AFC}"
EndProject
Project("{FAE04EC0-301F-11D3-BF4B-00C04F79EFBC}") = "SimpleQuiz", "SimpleQuiz\SimpleQuiz.csproj", "{5D1FAAF7-67E4-4FDE-88CD-7AF5225DC4FB}"
EndProject
Project("{FAE04EC0-301F-11D3-BF4B-00C04F79EFBC}") = "BSTVisualization", "BSTVisualization\BSTVisualization.csproj", "{3529BA40-B82E-4072-94B8-25C75D952451}"
EndProject
Project("{FAE04EC0-301F-11D3-BF4B-00C04F79EFBC}") = "Autocomplete", "Autocomplete\Autocomplete.csproj", "{F8104C6D-1188-4D27-8CE2-7C3E9DAECE9F}"
EndProject
Project("{2150E333-8FDC-42A3-9474-1A3956D46DE8}") = "Chapter-08", "Chapter-08", "{03296E12-E728-404D-9DFB-AFD14594C40C}"
EndProject
Project("{FAE04EC0-301F-11D3-BF4B-00C04F79EFBC}") = "GraphDatastructures", "GraphDatastructures\GraphDatastructures.csproj", "{84EAF9D3-B886-4F18-9FB9-BA969DC45CC7}"
EndProject
Project("{FAE04EC0-301F-11D3-BF4B-00C04F79EFBC}") = "DirectedWeightedEdges", "DirectedWeightedEdges\DirectedWeightedEdges.csproj", "{EA6387ED-A1AA-4F78-AE5F-AD935D06FAA3}"
EndProject
Project("{FAE04EC0-301F-11D3-BF4B-00C04F79EFBC}") = "UndirectedUnweightedEdges", "UndirectedUnweightedEdges\UndirectedUnweightedEdges.csproj", "{6C6C54B8-5539-4E23-8D62-A6172C411EE6}"
EndProject
Project("{FAE04EC0-301F-11D3-BF4B-00C04F79EFBC}") = "UndirectedWeightedEdges", "UndirectedWeightedEdges\UndirectedWeightedEdges.csproj", "{9EC31432-AEFD-48D6-B73E-2D86811A133C}"
EndProject
Project("{FAE04EC0-301F-11D3-BF4B-00C04F79EFBC}") = "TelecommunicationsCable", "TelecommunicationsCable\TelecommunicationsCable.csproj", "{A55FE29E-D3DC-477C-8794-12013875E9A7}"
EndProject
Project("{FAE04EC0-301F-11D3-BF4B-00C04F79EFBC}") = "VoivodeshipMap", "VoivodeshipMap\VoivodeshipMap.csproj", "{E57AE092-DA65-449F-9B28-1D7BFD7020C6}"
EndProject
Project("{FAE04EC0-301F-11D3-BF4B-00C04F79EFBC}") = "PathInGame", "PathInGame\PathInGame.csproj", "{C3961F74-A624-403C-8DDE-57E89795F815}"
EndProject
Project("{2150E333-8FDC-42A3-9474-1A3956D46DE8}") = "Chapter-09", "Chapter-09", "{0AFD0B4B-9517-4C60-8463-077065C19D76}"
EndProject
Project("{FAE04EC0-301F-11D3-BF4B-00C04F79EFBC}") = "FibonacciSeries", "FibonacciSeries\FibonacciSeries.csproj", "{310EC662-C125-41DF-87DF-802FD4030ACA}"
EndProject
Project("{FAE04EC0-301F-11D3-BF4B-00C04F79EFBC}") = "MinimumCoinChange", "MinimumCoinChange\MinimumCoinChange.csproj", "{91D522C1-2DDE-48DC-8C9A-C53F383AF134}"
EndProject
Project("{FAE04EC0-301F-11D3-BF4B-00C04F79EFBC}") = "ClosestPairOfPoints", "ClosestPairOfPoints\ClosestPairOfPoints.csproj", "{2820AE72-2146-4884-84BB-E7106520B6D6}"
EndProject
Project("{FAE04EC0-301F-11D3-BF4B-00C04F79EFBC}") = "FractalGeneration", "FractalGeneration\FractalGeneration.csproj", "{68A58A3F-36C7-4F73-96E3-C04A5D312B72}"
EndProject
Project("{FAE04EC0-301F-11D3-BF4B-00C04F79EFBC}") = "RatInAMaze", "RatInAMaze\RatInAMaze.csproj", "{85B20E7A-8400-4B6D-9DD4-6546F3413021}"
EndProject
Global
	GlobalSection(SolutionConfigurationPlatforms) = preSolution
		Debug|Any CPU = Debug|Any CPU
		Release|Any CPU = Release|Any CPU
	EndGlobalSection
	GlobalSection(ProjectConfigurationPlatforms) = postSolution
		{A6BB0AB5-4306-4388-9B70-EFD3A1E06702}.Debug|Any CPU.ActiveCfg = Debug|Any CPU
		{A6BB0AB5-4306-4388-9B70-EFD3A1E06702}.Debug|Any CPU.Build.0 = Debug|Any CPU
		{A6BB0AB5-4306-4388-9B70-EFD3A1E06702}.Release|Any CPU.ActiveCfg = Release|Any CPU
		{A6BB0AB5-4306-4388-9B70-EFD3A1E06702}.Release|Any CPU.Build.0 = Release|Any CPU
		{F30B720E-3186-4945-ABE4-EDC6D78D9293}.Debug|Any CPU.ActiveCfg = Debug|Any CPU
		{F30B720E-3186-4945-ABE4-EDC6D78D9293}.Debug|Any CPU.Build.0 = Debug|Any CPU
		{F30B720E-3186-4945-ABE4-EDC6D78D9293}.Release|Any CPU.ActiveCfg = Release|Any CPU
		{F30B720E-3186-4945-ABE4-EDC6D78D9293}.Release|Any CPU.Build.0 = Release|Any CPU
		{963CB09D-70FC-42F1-82A2-DDC1AB8BD431}.Debug|Any CPU.ActiveCfg = Debug|Any CPU
		{963CB09D-70FC-42F1-82A2-DDC1AB8BD431}.Debug|Any CPU.Build.0 = Debug|Any CPU
		{963CB09D-70FC-42F1-82A2-DDC1AB8BD431}.Release|Any CPU.ActiveCfg = Release|Any CPU
		{963CB09D-70FC-42F1-82A2-DDC1AB8BD431}.Release|Any CPU.Build.0 = Release|Any CPU
		{0658BC1D-3693-4EDA-B9AB-66C57B02AC1C}.Debug|Any CPU.ActiveCfg = Debug|Any CPU
		{0658BC1D-3693-4EDA-B9AB-66C57B02AC1C}.Debug|Any CPU.Build.0 = Debug|Any CPU
		{0658BC1D-3693-4EDA-B9AB-66C57B02AC1C}.Release|Any CPU.ActiveCfg = Release|Any CPU
		{0658BC1D-3693-4EDA-B9AB-66C57B02AC1C}.Release|Any CPU.Build.0 = Release|Any CPU
		{80DC1AD0-F28C-413D-B382-589BAB225B54}.Debug|Any CPU.ActiveCfg = Debug|Any CPU
		{80DC1AD0-F28C-413D-B382-589BAB225B54}.Debug|Any CPU.Build.0 = Debug|Any CPU
		{80DC1AD0-F28C-413D-B382-589BAB225B54}.Release|Any CPU.ActiveCfg = Release|Any CPU
		{80DC1AD0-F28C-413D-B382-589BAB225B54}.Release|Any CPU.Build.0 = Release|Any CPU
		{0F8A768C-CBC9-4F7E-99CB-FAF39C6FA25E}.Debug|Any CPU.ActiveCfg = Debug|Any CPU
		{0F8A768C-CBC9-4F7E-99CB-FAF39C6FA25E}.Debug|Any CPU.Build.0 = Debug|Any CPU
		{0F8A768C-CBC9-4F7E-99CB-FAF39C6FA25E}.Release|Any CPU.ActiveCfg = Release|Any CPU
		{0F8A768C-CBC9-4F7E-99CB-FAF39C6FA25E}.Release|Any CPU.Build.0 = Release|Any CPU
		{BF7D28F5-F8B9-4158-98DE-AECC0F1238FD}.Debug|Any CPU.ActiveCfg = Debug|Any CPU
		{BF7D28F5-F8B9-4158-98DE-AECC0F1238FD}.Debug|Any CPU.Build.0 = Debug|Any CPU
		{BF7D28F5-F8B9-4158-98DE-AECC0F1238FD}.Release|Any CPU.ActiveCfg = Release|Any CPU
		{BF7D28F5-F8B9-4158-98DE-AECC0F1238FD}.Release|Any CPU.Build.0 = Release|Any CPU
		{FAA5554C-0724-4556-A822-8CC9EEF4E0A8}.Debug|Any CPU.ActiveCfg = Debug|Any CPU
		{FAA5554C-0724-4556-A822-8CC9EEF4E0A8}.Debug|Any CPU.Build.0 = Debug|Any CPU
		{FAA5554C-0724-4556-A822-8CC9EEF4E0A8}.Release|Any CPU.ActiveCfg = Release|Any CPU
		{FAA5554C-0724-4556-A822-8CC9EEF4E0A8}.Release|Any CPU.Build.0 = Release|Any CPU
		{C3911CB8-E581-4FB6-A035-3C0D356AAD28}.Debug|Any CPU.ActiveCfg = Debug|Any CPU
		{C3911CB8-E581-4FB6-A035-3C0D356AAD28}.Debug|Any CPU.Build.0 = Debug|Any CPU
		{C3911CB8-E581-4FB6-A035-3C0D356AAD28}.Release|Any CPU.ActiveCfg = Release|Any CPU
		{C3911CB8-E581-4FB6-A035-3C0D356AAD28}.Release|Any CPU.Build.0 = Release|Any CPU
		{7BE241C7-FE3B-4D5E-AFB5-DC0B2291E657}.Debug|Any CPU.ActiveCfg = Debug|Any CPU
		{7BE241C7-FE3B-4D5E-AFB5-DC0B2291E657}.Debug|Any CPU.Build.0 = Debug|Any CPU
		{7BE241C7-FE3B-4D5E-AFB5-DC0B2291E657}.Release|Any CPU.ActiveCfg = Release|Any CPU
		{7BE241C7-FE3B-4D5E-AFB5-DC0B2291E657}.Release|Any CPU.Build.0 = Release|Any CPU
		{044BC10E-2C03-4496-B602-B1BC4D899EAA}.Debug|Any CPU.ActiveCfg = Debug|Any CPU
		{044BC10E-2C03-4496-B602-B1BC4D899EAA}.Debug|Any CPU.Build.0 = Debug|Any CPU
		{044BC10E-2C03-4496-B602-B1BC4D899EAA}.Release|Any CPU.ActiveCfg = Release|Any CPU
		{044BC10E-2C03-4496-B602-B1BC4D899EAA}.Release|Any CPU.Build.0 = Release|Any CPU
		{2088FDF7-C009-4AC2-8C1E-49271C35138A}.Debug|Any CPU.ActiveCfg = Debug|Any CPU
		{2088FDF7-C009-4AC2-8C1E-49271C35138A}.Debug|Any CPU.Build.0 = Debug|Any CPU
		{2088FDF7-C009-4AC2-8C1E-49271C35138A}.Release|Any CPU.ActiveCfg = Release|Any CPU
		{2088FDF7-C009-4AC2-8C1E-49271C35138A}.Release|Any CPU.Build.0 = Release|Any CPU
		{5BB6B6FC-B100-4076-9079-6FBFAEAA1B7D}.Debug|Any CPU.ActiveCfg = Debug|Any CPU
		{5BB6B6FC-B100-4076-9079-6FBFAEAA1B7D}.Debug|Any CPU.Build.0 = Debug|Any CPU
		{5BB6B6FC-B100-4076-9079-6FBFAEAA1B7D}.Release|Any CPU.ActiveCfg = Release|Any CPU
		{5BB6B6FC-B100-4076-9079-6FBFAEAA1B7D}.Release|Any CPU.Build.0 = Release|Any CPU
		{1FCFE2FC-A5FF-4A45-AEBB-F35112CFD924}.Debug|Any CPU.ActiveCfg = Debug|Any CPU
		{1FCFE2FC-A5FF-4A45-AEBB-F35112CFD924}.Debug|Any CPU.Build.0 = Debug|Any CPU
		{1FCFE2FC-A5FF-4A45-AEBB-F35112CFD924}.Release|Any CPU.ActiveCfg = Release|Any CPU
		{1FCFE2FC-A5FF-4A45-AEBB-F35112CFD924}.Release|Any CPU.Build.0 = Release|Any CPU
		{398B5F55-126A-42C5-B1F6-3474ED9AC541}.Debug|Any CPU.ActiveCfg = Debug|Any CPU
		{398B5F55-126A-42C5-B1F6-3474ED9AC541}.Debug|Any CPU.Build.0 = Debug|Any CPU
		{398B5F55-126A-42C5-B1F6-3474ED9AC541}.Release|Any CPU.ActiveCfg = Release|Any CPU
		{398B5F55-126A-42C5-B1F6-3474ED9AC541}.Release|Any CPU.Build.0 = Release|Any CPU
		{F1D57CCD-2F8F-4977-A2BC-5971F57B6051}.Debug|Any CPU.ActiveCfg = Debug|Any CPU
		{F1D57CCD-2F8F-4977-A2BC-5971F57B6051}.Debug|Any CPU.Build.0 = Debug|Any CPU
		{F1D57CCD-2F8F-4977-A2BC-5971F57B6051}.Release|Any CPU.ActiveCfg = Release|Any CPU
		{F1D57CCD-2F8F-4977-A2BC-5971F57B6051}.Release|Any CPU.Build.0 = Release|Any CPU
		{C4B86D80-E25D-47E1-A38A-B10E2353532F}.Debug|Any CPU.ActiveCfg = Debug|Any CPU
		{C4B86D80-E25D-47E1-A38A-B10E2353532F}.Debug|Any CPU.Build.0 = Debug|Any CPU
		{C4B86D80-E25D-47E1-A38A-B10E2353532F}.Release|Any CPU.ActiveCfg = Release|Any CPU
		{C4B86D80-E25D-47E1-A38A-B10E2353532F}.Release|Any CPU.Build.0 = Release|Any CPU
		{33AC7644-33D8-4B14-8AEB-AC4B68FB1C6F}.Debug|Any CPU.ActiveCfg = Debug|Any CPU
		{33AC7644-33D8-4B14-8AEB-AC4B68FB1C6F}.Debug|Any CPU.Build.0 = Debug|Any CPU
		{33AC7644-33D8-4B14-8AEB-AC4B68FB1C6F}.Release|Any CPU.ActiveCfg = Release|Any CPU
		{33AC7644-33D8-4B14-8AEB-AC4B68FB1C6F}.Release|Any CPU.Build.0 = Release|Any CPU
		{4F486BDD-9D6D-4B6D-B20D-08D9A221BA01}.Debug|Any CPU.ActiveCfg = Debug|Any CPU
		{4F486BDD-9D6D-4B6D-B20D-08D9A221BA01}.Debug|Any CPU.Build.0 = Debug|Any CPU
		{4F486BDD-9D6D-4B6D-B20D-08D9A221BA01}.Release|Any CPU.ActiveCfg = Release|Any CPU
		{4F486BDD-9D6D-4B6D-B20D-08D9A221BA01}.Release|Any CPU.Build.0 = Release|Any CPU
		{23CE8E7E-E120-4CB3-BA86-B2187329A918}.Debug|Any CPU.ActiveCfg = Debug|Any CPU
		{23CE8E7E-E120-4CB3-BA86-B2187329A918}.Debug|Any CPU.Build.0 = Debug|Any CPU
		{23CE8E7E-E120-4CB3-BA86-B2187329A918}.Release|Any CPU.ActiveCfg = Release|Any CPU
		{23CE8E7E-E120-4CB3-BA86-B2187329A918}.Release|Any CPU.Build.0 = Release|Any CPU
		{5D626E5D-1939-47ED-B17C-F1351220092B}.Debug|Any CPU.ActiveCfg = Debug|Any CPU
		{5D626E5D-1939-47ED-B17C-F1351220092B}.Debug|Any CPU.Build.0 = Debug|Any CPU
		{5D626E5D-1939-47ED-B17C-F1351220092B}.Release|Any CPU.ActiveCfg = Release|Any CPU
		{5D626E5D-1939-47ED-B17C-F1351220092B}.Release|Any CPU.Build.0 = Release|Any CPU
		{C390DE52-56E1-4893-897D-C33488814E7C}.Debug|Any CPU.ActiveCfg = Debug|Any CPU
		{C390DE52-56E1-4893-897D-C33488814E7C}.Debug|Any CPU.Build.0 = Debug|Any CPU
		{C390DE52-56E1-4893-897D-C33488814E7C}.Release|Any CPU.ActiveCfg = Release|Any CPU
		{C390DE52-56E1-4893-897D-C33488814E7C}.Release|Any CPU.Build.0 = Release|Any CPU
		{7ED89CF2-79E5-4B39-B628-6520C7FE2D8C}.Debug|Any CPU.ActiveCfg = Debug|Any CPU
		{7ED89CF2-79E5-4B39-B628-6520C7FE2D8C}.Debug|Any CPU.Build.0 = Debug|Any CPU
		{7ED89CF2-79E5-4B39-B628-6520C7FE2D8C}.Release|Any CPU.ActiveCfg = Release|Any CPU
		{7ED89CF2-79E5-4B39-B628-6520C7FE2D8C}.Release|Any CPU.Build.0 = Release|Any CPU
		{D085F945-6E75-4D08-9125-D670E18B6609}.Debug|Any CPU.ActiveCfg = Debug|Any CPU
		{D085F945-6E75-4D08-9125-D670E18B6609}.Debug|Any CPU.Build.0 = Debug|Any CPU
		{D085F945-6E75-4D08-9125-D670E18B6609}.Release|Any CPU.ActiveCfg = Release|Any CPU
		{D085F945-6E75-4D08-9125-D670E18B6609}.Release|Any CPU.Build.0 = Release|Any CPU
		{17DD7704-EEDF-4E13-AA58-C04233544AFC}.Debug|Any CPU.ActiveCfg = Debug|Any CPU
		{17DD7704-EEDF-4E13-AA58-C04233544AFC}.Debug|Any CPU.Build.0 = Debug|Any CPU
		{17DD7704-EEDF-4E13-AA58-C04233544AFC}.Release|Any CPU.ActiveCfg = Release|Any CPU
		{17DD7704-EEDF-4E13-AA58-C04233544AFC}.Release|Any CPU.Build.0 = Release|Any CPU
		{5D1FAAF7-67E4-4FDE-88CD-7AF5225DC4FB}.Debug|Any CPU.ActiveCfg = Debug|Any CPU
		{5D1FAAF7-67E4-4FDE-88CD-7AF5225DC4FB}.Debug|Any CPU.Build.0 = Debug|Any CPU
		{5D1FAAF7-67E4-4FDE-88CD-7AF5225DC4FB}.Release|Any CPU.ActiveCfg = Release|Any CPU
		{5D1FAAF7-67E4-4FDE-88CD-7AF5225DC4FB}.Release|Any CPU.Build.0 = Release|Any CPU
		{3529BA40-B82E-4072-94B8-25C75D952451}.Debug|Any CPU.ActiveCfg = Debug|Any CPU
		{3529BA40-B82E-4072-94B8-25C75D952451}.Debug|Any CPU.Build.0 = Debug|Any CPU
		{3529BA40-B82E-4072-94B8-25C75D952451}.Release|Any CPU.ActiveCfg = Release|Any CPU
		{3529BA40-B82E-4072-94B8-25C75D952451}.Release|Any CPU.Build.0 = Release|Any CPU
		{F8104C6D-1188-4D27-8CE2-7C3E9DAECE9F}.Debug|Any CPU.ActiveCfg = Debug|Any CPU
		{F8104C6D-1188-4D27-8CE2-7C3E9DAECE9F}.Debug|Any CPU.Build.0 = Debug|Any CPU
		{F8104C6D-1188-4D27-8CE2-7C3E9DAECE9F}.Release|Any CPU.ActiveCfg = Release|Any CPU
		{F8104C6D-1188-4D27-8CE2-7C3E9DAECE9F}.Release|Any CPU.Build.0 = Release|Any CPU
		{84EAF9D3-B886-4F18-9FB9-BA969DC45CC7}.Debug|Any CPU.ActiveCfg = Debug|Any CPU
		{84EAF9D3-B886-4F18-9FB9-BA969DC45CC7}.Debug|Any CPU.Build.0 = Debug|Any CPU
		{84EAF9D3-B886-4F18-9FB9-BA969DC45CC7}.Release|Any CPU.ActiveCfg = Release|Any CPU
		{84EAF9D3-B886-4F18-9FB9-BA969DC45CC7}.Release|Any CPU.Build.0 = Release|Any CPU
		{EA6387ED-A1AA-4F78-AE5F-AD935D06FAA3}.Debug|Any CPU.ActiveCfg = Debug|Any CPU
		{EA6387ED-A1AA-4F78-AE5F-AD935D06FAA3}.Debug|Any CPU.Build.0 = Debug|Any CPU
		{EA6387ED-A1AA-4F78-AE5F-AD935D06FAA3}.Release|Any CPU.ActiveCfg = Release|Any CPU
		{EA6387ED-A1AA-4F78-AE5F-AD935D06FAA3}.Release|Any CPU.Build.0 = Release|Any CPU
		{6C6C54B8-5539-4E23-8D62-A6172C411EE6}.Debug|Any CPU.ActiveCfg = Debug|Any CPU
		{6C6C54B8-5539-4E23-8D62-A6172C411EE6}.Debug|Any CPU.Build.0 = Debug|Any CPU
		{6C6C54B8-5539-4E23-8D62-A6172C411EE6}.Release|Any CPU.ActiveCfg = Release|Any CPU
		{6C6C54B8-5539-4E23-8D62-A6172C411EE6}.Release|Any CPU.Build.0 = Release|Any CPU
		{9EC31432-AEFD-48D6-B73E-2D86811A133C}.Debug|Any CPU.ActiveCfg = Debug|Any CPU
		{9EC31432-AEFD-48D6-B73E-2D86811A133C}.Debug|Any CPU.Build.0 = Debug|Any CPU
		{9EC31432-AEFD-48D6-B73E-2D86811A133C}.Release|Any CPU.ActiveCfg = Release|Any CPU
		{9EC31432-AEFD-48D6-B73E-2D86811A133C}.Release|Any CPU.Build.0 = Release|Any CPU
		{A55FE29E-D3DC-477C-8794-12013875E9A7}.Debug|Any CPU.ActiveCfg = Debug|Any CPU
		{A55FE29E-D3DC-477C-8794-12013875E9A7}.Debug|Any CPU.Build.0 = Debug|Any CPU
		{A55FE29E-D3DC-477C-8794-12013875E9A7}.Release|Any CPU.ActiveCfg = Release|Any CPU
		{A55FE29E-D3DC-477C-8794-12013875E9A7}.Release|Any CPU.Build.0 = Release|Any CPU
		{E57AE092-DA65-449F-9B28-1D7BFD7020C6}.Debug|Any CPU.ActiveCfg = Debug|Any CPU
		{E57AE092-DA65-449F-9B28-1D7BFD7020C6}.Debug|Any CPU.Build.0 = Debug|Any CPU
		{E57AE092-DA65-449F-9B28-1D7BFD7020C6}.Release|Any CPU.ActiveCfg = Release|Any CPU
		{E57AE092-DA65-449F-9B28-1D7BFD7020C6}.Release|Any CPU.Build.0 = Release|Any CPU
		{C3961F74-A624-403C-8DDE-57E89795F815}.Debug|Any CPU.ActiveCfg = Debug|Any CPU
		{C3961F74-A624-403C-8DDE-57E89795F815}.Debug|Any CPU.Build.0 = Debug|Any CPU
		{C3961F74-A624-403C-8DDE-57E89795F815}.Release|Any CPU.ActiveCfg = Release|Any CPU
		{C3961F74-A624-403C-8DDE-57E89795F815}.Release|Any CPU.Build.0 = Release|Any CPU
		{310EC662-C125-41DF-87DF-802FD4030ACA}.Debug|Any CPU.ActiveCfg = Debug|Any CPU
		{310EC662-C125-41DF-87DF-802FD4030ACA}.Debug|Any CPU.Build.0 = Debug|Any CPU
		{310EC662-C125-41DF-87DF-802FD4030ACA}.Release|Any CPU.ActiveCfg = Release|Any CPU
		{310EC662-C125-41DF-87DF-802FD4030ACA}.Release|Any CPU.Build.0 = Release|Any CPU
		{91D522C1-2DDE-48DC-8C9A-C53F383AF134}.Debug|Any CPU.ActiveCfg = Debug|Any CPU
		{91D522C1-2DDE-48DC-8C9A-C53F383AF134}.Debug|Any CPU.Build.0 = Debug|Any CPU
		{91D522C1-2DDE-48DC-8C9A-C53F383AF134}.Release|Any CPU.ActiveCfg = Release|Any CPU
		{91D522C1-2DDE-48DC-8C9A-C53F383AF134}.Release|Any CPU.Build.0 = Release|Any CPU
		{2820AE72-2146-4884-84BB-E7106520B6D6}.Debug|Any CPU.ActiveCfg = Debug|Any CPU
		{2820AE72-2146-4884-84BB-E7106520B6D6}.Debug|Any CPU.Build.0 = Debug|Any CPU
		{2820AE72-2146-4884-84BB-E7106520B6D6}.Release|Any CPU.ActiveCfg = Release|Any CPU
		{2820AE72-2146-4884-84BB-E7106520B6D6}.Release|Any CPU.Build.0 = Release|Any CPU
		{68A58A3F-36C7-4F73-96E3-C04A5D312B72}.Debug|Any CPU.ActiveCfg = Debug|Any CPU
		{68A58A3F-36C7-4F73-96E3-C04A5D312B72}.Debug|Any CPU.Build.0 = Debug|Any CPU
		{68A58A3F-36C7-4F73-96E3-C04A5D312B72}.Release|Any CPU.ActiveCfg = Release|Any CPU
		{68A58A3F-36C7-4F73-96E3-C04A5D312B72}.Release|Any CPU.Build.0 = Release|Any CPU
		{85B20E7A-8400-4B6D-9DD4-6546F3413021}.Debug|Any CPU.ActiveCfg = Debug|Any CPU
		{85B20E7A-8400-4B6D-9DD4-6546F3413021}.Debug|Any CPU.Build.0 = Debug|Any CPU
		{85B20E7A-8400-4B6D-9DD4-6546F3413021}.Release|Any CPU.ActiveCfg = Release|Any CPU
		{85B20E7A-8400-4B6D-9DD4-6546F3413021}.Release|Any CPU.Build.0 = Release|Any CPU
	EndGlobalSection
	GlobalSection(NestedProjects) = preSolution
		{F30B720E-3186-4945-ABE4-EDC6D78D9293} = {7054BFD3-A702-4EDC-AFC5-0C94E44CDA1D}
		{963CB09D-70FC-42F1-82A2-DDC1AB8BD431} = {7054BFD3-A702-4EDC-AFC5-0C94E44CDA1D}
		{0658BC1D-3693-4EDA-B9AB-66C57B02AC1C} = {68026A51-B97E-4343-847A-7E7F70045A52}
		{80DC1AD0-F28C-413D-B382-589BAB225B54} = {68026A51-B97E-4343-847A-7E7F70045A52}
		{0F8A768C-CBC9-4F7E-99CB-FAF39C6FA25E} = {68026A51-B97E-4343-847A-7E7F70045A52}
		{BF7D28F5-F8B9-4158-98DE-AECC0F1238FD} = {68026A51-B97E-4343-847A-7E7F70045A52}
		{FAA5554C-0724-4556-A822-8CC9EEF4E0A8} = {68026A51-B97E-4343-847A-7E7F70045A52}
		{C3911CB8-E581-4FB6-A035-3C0D356AAD28} = {68026A51-B97E-4343-847A-7E7F70045A52}
		{7BE241C7-FE3B-4D5E-AFB5-DC0B2291E657} = {3D1BF653-BAD9-4C6A-BE3A-14D25A2F11AA}
		{044BC10E-2C03-4496-B602-B1BC4D899EAA} = {3D1BF653-BAD9-4C6A-BE3A-14D25A2F11AA}
		{2088FDF7-C009-4AC2-8C1E-49271C35138A} = {3D1BF653-BAD9-4C6A-BE3A-14D25A2F11AA}
		{5BB6B6FC-B100-4076-9079-6FBFAEAA1B7D} = {3D1BF653-BAD9-4C6A-BE3A-14D25A2F11AA}
		{1FCFE2FC-A5FF-4A45-AEBB-F35112CFD924} = {3D1BF653-BAD9-4C6A-BE3A-14D25A2F11AA}
		{398B5F55-126A-42C5-B1F6-3474ED9AC541} = {3D1BF653-BAD9-4C6A-BE3A-14D25A2F11AA}
		{F1D57CCD-2F8F-4977-A2BC-5971F57B6051} = {CE4A6AFF-F7F8-4203-9BFE-0B1A4664D5B0}
		{C4B86D80-E25D-47E1-A38A-B10E2353532F} = {CE4A6AFF-F7F8-4203-9BFE-0B1A4664D5B0}
		{33AC7644-33D8-4B14-8AEB-AC4B68FB1C6F} = {CE4A6AFF-F7F8-4203-9BFE-0B1A4664D5B0}
		{4F486BDD-9D6D-4B6D-B20D-08D9A221BA01} = {CE4A6AFF-F7F8-4203-9BFE-0B1A4664D5B0}
		{23CE8E7E-E120-4CB3-BA86-B2187329A918} = {CE4A6AFF-F7F8-4203-9BFE-0B1A4664D5B0}
		{5D626E5D-1939-47ED-B17C-F1351220092B} = {CE4A6AFF-F7F8-4203-9BFE-0B1A4664D5B0}
		{C390DE52-56E1-4893-897D-C33488814E7C} = {CE4A6AFF-F7F8-4203-9BFE-0B1A4664D5B0}
		{7ED89CF2-79E5-4B39-B628-6520C7FE2D8C} = {057FD82D-B85B-498E-8923-CD363A0B58FE}
		{D085F945-6E75-4D08-9125-D670E18B6609} = {057FD82D-B85B-498E-8923-CD363A0B58FE}
		{17DD7704-EEDF-4E13-AA58-C04233544AFC} = {057FD82D-B85B-498E-8923-CD363A0B58FE}
		{5D1FAAF7-67E4-4FDE-88CD-7AF5225DC4FB} = {057FD82D-B85B-498E-8923-CD363A0B58FE}
		{3529BA40-B82E-4072-94B8-25C75D952451} = {057FD82D-B85B-498E-8923-CD363A0B58FE}
		{F8104C6D-1188-4D27-8CE2-7C3E9DAECE9F} = {057FD82D-B85B-498E-8923-CD363A0B58FE}
		{84EAF9D3-B886-4F18-9FB9-BA969DC45CC7} = {03296E12-E728-404D-9DFB-AFD14594C40C}
		{EA6387ED-A1AA-4F78-AE5F-AD935D06FAA3} = {03296E12-E728-404D-9DFB-AFD14594C40C}
		{6C6C54B8-5539-4E23-8D62-A6172C411EE6} = {03296E12-E728-404D-9DFB-AFD14594C40C}
		{9EC31432-AEFD-48D6-B73E-2D86811A133C} = {03296E12-E728-404D-9DFB-AFD14594C40C}
		{A55FE29E-D3DC-477C-8794-12013875E9A7} = {03296E12-E728-404D-9DFB-AFD14594C40C}
		{E57AE092-DA65-449F-9B28-1D7BFD7020C6} = {03296E12-E728-404D-9DFB-AFD14594C40C}
		{C3961F74-A624-403C-8DDE-57E89795F815} = {03296E12-E728-404D-9DFB-AFD14594C40C}
		{310EC662-C125-41DF-87DF-802FD4030ACA} = {0AFD0B4B-9517-4C60-8463-077065C19D76}
		{91D522C1-2DDE-48DC-8C9A-C53F383AF134} = {0AFD0B4B-9517-4C60-8463-077065C19D76}
		{2820AE72-2146-4884-84BB-E7106520B6D6} = {0AFD0B4B-9517-4C60-8463-077065C19D76}
		{68A58A3F-36C7-4F73-96E3-C04A5D312B72} = {0AFD0B4B-9517-4C60-8463-077065C19D76}
		{85B20E7A-8400-4B6D-9DD4-6546F3413021} = {0AFD0B4B-9517-4C60-8463-077065C19D76}
	EndGlobalSection
EndGlobal
